
Microsoft Visual Studio Solution File, Format Version 12.00
# Visual Studio 14
VisualStudioVersion = 14.0.25420.1
MinimumVisualStudioVersion = 10.0.40219.1
Project("{FAE04EC0-301F-11D3-BF4B-00C04F79EFBC}") = "ChatApplication.UI", "ChatApplication\ChatApplication.UI.csproj", "{EC94F7DD-1F62-4EAE-B230-0C40162DAC07}"
EndProject
Project("{2150E333-8FDC-42A3-9474-1A3956D46DE8}") = "Database", "Database", "{DE4F3032-159E-46C0-8C4A-2B7118F8B8B5}"
	ProjectSection(SolutionItems) = preProject
		ChatApplication.Database.sql = ChatApplication.Database.sql
	EndProjectSection
EndProject
Project("{2150E333-8FDC-42A3-9474-1A3956D46DE8}") = "Service", "Service", "{F80D7114-0052-46EB-845B-52F8420F15FC}"
EndProject
Project("{FAE04EC0-301F-11D3-BF4B-00C04F79EFBC}") = "ChatApplication.Data.Contracts", "ChatApplication.Data.Contracts\ChatApplication.Data.Contracts.csproj", "{A5DCDC48-F31C-4BEC-B07D-FC24511D0EF9}"
EndProject
Project("{FAE04EC0-301F-11D3-BF4B-00C04F79EFBC}") = "ChatApplication.Service.Contracts", "ChatApplication.Service.Contracts\ChatApplication.Service.Contracts.csproj", "{15B635ED-E0F7-467A-809F-5BEBC78F8765}"
EndProject
Project("{2150E333-8FDC-42A3-9474-1A3956D46DE8}") = "API", "API", "{05BB2407-D952-41E8-B188-E4D5162D0801}"
EndProject
Project("{FAE04EC0-301F-11D3-BF4B-00C04F79EFBC}") = "ChatApplication.API", "ChatApplication.API\ChatApplication.API.csproj", "{44A09DE0-45A5-47B0-97DB-9B4A760DF0C6}"
EndProject
Project("{FAE04EC0-301F-11D3-BF4B-00C04F79EFBC}") = "ChatApplication.Data.EntityFramework", "ChatApplication.Data.EntityFramework\ChatApplication.Data.EntityFramework.csproj", "{71459F49-3F6F-44F0-8C3D-F850A734588B}"
EndProject
Project("{FAE04EC0-301F-11D3-BF4B-00C04F79EFBC}") = "ChatApplication.Console", "ChatApplication.Console\ChatApplication.Console.csproj", "{7C2A9D9B-AE47-4B82-9671-740BE7F54F39}"
EndProject
Project("{FAE04EC0-301F-11D3-BF4B-00C04F79EFBC}") = "ChatApplication.Infrastructure.Contracts", "ChatApplication.Infrastructure.Contracts\ChatApplication.Infrastructure.Contracts.csproj", "{F75195D8-D362-4B72-B3E6-B8A56BDCC855}"
EndProject
Project("{FAE04EC0-301F-11D3-BF4B-00C04F79EFBC}") = "ChatApplication.Data.Dapper", "ChatApplication.Data.Dapper\ChatApplication.Data.Dapper.csproj", "{B03B043D-27F3-46B1-B57E-4AED625E5A81}"
EndProject
Project("{2150E333-8FDC-42A3-9474-1A3956D46DE8}") = "Documentation", "Documentation", "{0F9603AC-542B-4412-AB45-1BD448AA911B}"
	ProjectSection(SolutionItems) = preProject
		README.md = README.md
	EndProjectSection
EndProject
Global
	GlobalSection(SolutionConfigurationPlatforms) = preSolution
		Debug|Any CPU = Debug|Any CPU
		Release|Any CPU = Release|Any CPU
	EndGlobalSection
	GlobalSection(ProjectConfigurationPlatforms) = postSolution
		{EC94F7DD-1F62-4EAE-B230-0C40162DAC07}.Debug|Any CPU.ActiveCfg = Debug|Any CPU
		{EC94F7DD-1F62-4EAE-B230-0C40162DAC07}.Debug|Any CPU.Build.0 = Debug|Any CPU
		{EC94F7DD-1F62-4EAE-B230-0C40162DAC07}.Release|Any CPU.ActiveCfg = Release|Any CPU
		{EC94F7DD-1F62-4EAE-B230-0C40162DAC07}.Release|Any CPU.Build.0 = Release|Any CPU
		{A5DCDC48-F31C-4BEC-B07D-FC24511D0EF9}.Debug|Any CPU.ActiveCfg = Debug|Any CPU
		{A5DCDC48-F31C-4BEC-B07D-FC24511D0EF9}.Debug|Any CPU.Build.0 = Debug|Any CPU
		{A5DCDC48-F31C-4BEC-B07D-FC24511D0EF9}.Release|Any CPU.ActiveCfg = Release|Any CPU
		{A5DCDC48-F31C-4BEC-B07D-FC24511D0EF9}.Release|Any CPU.Build.0 = Release|Any CPU
		{15B635ED-E0F7-467A-809F-5BEBC78F8765}.Debug|Any CPU.ActiveCfg = Debug|Any CPU
		{15B635ED-E0F7-467A-809F-5BEBC78F8765}.Debug|Any CPU.Build.0 = Debug|Any CPU
		{15B635ED-E0F7-467A-809F-5BEBC78F8765}.Release|Any CPU.ActiveCfg = Release|Any CPU
		{15B635ED-E0F7-467A-809F-5BEBC78F8765}.Release|Any CPU.Build.0 = Release|Any CPU
		{44A09DE0-45A5-47B0-97DB-9B4A760DF0C6}.Debug|Any CPU.ActiveCfg = Debug|Any CPU
		{44A09DE0-45A5-47B0-97DB-9B4A760DF0C6}.Debug|Any CPU.Build.0 = Debug|Any CPU
		{44A09DE0-45A5-47B0-97DB-9B4A760DF0C6}.Release|Any CPU.ActiveCfg = Release|Any CPU
		{44A09DE0-45A5-47B0-97DB-9B4A760DF0C6}.Release|Any CPU.Build.0 = Release|Any CPU
		{71459F49-3F6F-44F0-8C3D-F850A734588B}.Debug|Any CPU.ActiveCfg = Debug|Any CPU
		{71459F49-3F6F-44F0-8C3D-F850A734588B}.Debug|Any CPU.Build.0 = Debug|Any CPU
		{71459F49-3F6F-44F0-8C3D-F850A734588B}.Release|Any CPU.ActiveCfg = Release|Any CPU
		{71459F49-3F6F-44F0-8C3D-F850A734588B}.Release|Any CPU.Build.0 = Release|Any CPU
		{7C2A9D9B-AE47-4B82-9671-740BE7F54F39}.Debug|Any CPU.ActiveCfg = Debug|Any CPU
		{7C2A9D9B-AE47-4B82-9671-740BE7F54F39}.Debug|Any CPU.Build.0 = Debug|Any CPU
		{7C2A9D9B-AE47-4B82-9671-740BE7F54F39}.Release|Any CPU.ActiveCfg = Release|Any CPU
		{7C2A9D9B-AE47-4B82-9671-740BE7F54F39}.Release|Any CPU.Build.0 = Release|Any CPU
		{F75195D8-D362-4B72-B3E6-B8A56BDCC855}.Debug|Any CPU.ActiveCfg = Debug|Any CPU
		{F75195D8-D362-4B72-B3E6-B8A56BDCC855}.Debug|Any CPU.Build.0 = Debug|Any CPU
		{F75195D8-D362-4B72-B3E6-B8A56BDCC855}.Release|Any CPU.ActiveCfg = Release|Any CPU
		{F75195D8-D362-4B72-B3E6-B8A56BDCC855}.Release|Any CPU.Build.0 = Release|Any CPU
		{B03B043D-27F3-46B1-B57E-4AED625E5A81}.Debug|Any CPU.ActiveCfg = Debug|Any CPU
		{B03B043D-27F3-46B1-B57E-4AED625E5A81}.Debug|Any CPU.Build.0 = Debug|Any CPU
		{B03B043D-27F3-46B1-B57E-4AED625E5A81}.Release|Any CPU.ActiveCfg = Release|Any CPU
		{B03B043D-27F3-46B1-B57E-4AED625E5A81}.Release|Any CPU.Build.0 = Release|Any CPU
	EndGlobalSection
	GlobalSection(SolutionProperties) = preSolution
		HideSolutionNode = FALSE
	EndGlobalSection
	GlobalSection(NestedProjects) = preSolution
		{A5DCDC48-F31C-4BEC-B07D-FC24511D0EF9} = {DE4F3032-159E-46C0-8C4A-2B7118F8B8B5}
		{15B635ED-E0F7-467A-809F-5BEBC78F8765} = {F80D7114-0052-46EB-845B-52F8420F15FC}
		{44A09DE0-45A5-47B0-97DB-9B4A760DF0C6} = {05BB2407-D952-41E8-B188-E4D5162D0801}
		{71459F49-3F6F-44F0-8C3D-F850A734588B} = {DE4F3032-159E-46C0-8C4A-2B7118F8B8B5}
		{B03B043D-27F3-46B1-B57E-4AED625E5A81} = {DE4F3032-159E-46C0-8C4A-2B7118F8B8B5}
	EndGlobalSection
EndGlobal
